// !$*UTF8*$!
{
	archiveVersion = 1;
	classes = {
	};
	objectVersion = 77;
	objects = {

/* Begin PBXBuildFile section */
		0C266B4530113E2500B4D8E1 /* Assets.xcassets in Resources */ = {isa = PBXBuildFile; fileRef = 0C266B3B30113E2500B4D8E1 /* Assets.xcassets */; };
		0C266B4630113E2500B4D8E1 /* Main.storyboard in Resources */ = {isa = PBXBuildFile; fileRef = 0C266B4130113E2500B4D8E1 /* Main.storyboard */; };
		0C266B4730113E2500B4D8E1 /* LaunchScreen.storyboard in Resources */ = {isa = PBXBuildFile; fileRef = 0C266B3F30113E2500B4D8E1 /* LaunchScreen.storyboard */; };
		0C266B4930113E2500B4D8E1 /* FeedViewController.swift in Sources */ = {isa = PBXBuildFile; fileRef = 0C266B3430113E2500B4D8E1 /* FeedViewController.swift */; };
		0C266B4A30113E2500B4D8E1 /* TableViewTableViewCell.swift in Sources */ = {isa = PBXBuildFile; fileRef = 0C266B3630113E2500B4D8E1 /* TableViewTableViewCell.swift */; };
		0C266B4B30113E2500B4D8E1 /* ViewController.swift in Sources */ = {isa = PBXBuildFile; fileRef = 0C266B3830113E2500B4D8E1 /* ViewController.swift */; };
		0C266B4C30113E2500B4D8E1 /* AlertManager.swift in Sources */ = {isa = PBXBuildFile; fileRef = 0C266B2930113E2500B4D8E1 /* AlertManager.swift */; };
		0C266B4D30113E2500B4D8E1 /* ParseService.swift in Sources */ = {isa = PBXBuildFile; fileRef = 0C266B2D30113E2500B4D8E1 /* ParseService.swift */; };
		0C266B4E30113E2500B4D8E1 /* UploadViewController.swift in Sources */ = {isa = PBXBuildFile; fileRef = 0C266B3730113E2500B4D8E1 /* UploadViewController.swift */; };
		0C266B4F30113E2500B4D8E1 /* FeedViewModel.swift in Sources */ = {isa = PBXBuildFile; fileRef = 0C266B3030113E2500B4D8E1 /* FeedViewModel.swift */; };
		0C266B5030113E2500B4D8E1 /* UploadViewModel.swift in Sources */ = {isa = PBXBuildFile; fileRef = 0C266B3230113E2500B4D8E1 /* UploadViewModel.swift */; };
		0C266B5130113E2500B4D8E1 /* Post.swift in Sources */ = {isa = PBXBuildFile; fileRef = 0C266B2B30113E2500B4D8E1 /* Post.swift */; };
		0C266B5230113E2500B4D8E1 /* SettingsViewController.swift in Sources */ = {isa = PBXBuildFile; fileRef = 0C266B3530113E2500B4D8E1 /* SettingsViewController.swift */; };
		0C266B5330113E2500B4D8E1 /* AuthViewModel.swift in Sources */ = {isa = PBXBuildFile; fileRef = 0C266B2F30113E2500B4D8E1 /* AuthViewModel.swift */; };
		0C266B5430113E2500B4D8E1 /* SceneDelegate.swift in Sources */ = {isa = PBXBuildFile; fileRef = 0C266B4230113E2500B4D8E1 /* SceneDelegate.swift */; };
		0C266B5530113E2500B4D8E1 /* AppDelegate.swift in Sources */ = {isa = PBXBuildFile; fileRef = 0C266B3A30113E2500B4D8E1 /* AppDelegate.swift */; };
		0C266B5630113E2500B4D8E1 /* SettingsViewModel.swift in Sources */ = {isa = PBXBuildFile; fileRef = 0C266B3130113E2500B4D8E1 /* SettingsViewModel.swift */; };
		0DDA92B7DD2560A563A24D32 /* Pods_parseTemplate.framework in Frameworks */ = {isa = PBXBuildFile; fileRef = 9833A55B31D7EAD755CADA68 /* Pods_parseTemplate.framework */; };
/* End PBXBuildFile section */

/* Begin PBXFileReference section */
		0C266B2930113E2500B4D8E1 /* AlertManager.swift */ = {isa = PBXFileReference; lastKnownFileType = sourcecode.swift; path = AlertManager.swift; sourceTree = "<group>"; };
		0C266B2B30113E2500B4D8E1 /* Post.swift */ = {isa = PBXFileReference; lastKnownFileType = sourcecode.swift; path = Post.swift; sourceTree = "<group>"; };
		0C266B2D30113E2500B4D8E1 /* ParseService.swift */ = {isa = PBXFileReference; lastKnownFileType = sourcecode.swift; path = ParseService.swift; sourceTree = "<group>"; };
		0C266B2F30113E2500B4D8E1 /* AuthViewModel.swift */ = {isa = PBXFileReference; lastKnownFileType = sourcecode.swift; path = AuthViewModel.swift; sourceTree = "<group>"; };
		0C266B3030113E2500B4D8E1 /* FeedViewModel.swift */ = {isa = PBXFileReference; lastKnownFileType = sourcecode.swift; path = FeedViewModel.swift; sourceTree = "<group>"; };
		0C266B3130113E2500B4D8E1 /* SettingsViewModel.swift */ = {isa = PBXFileReference; lastKnownFileType = sourcecode.swift; path = SettingsViewModel.swift; sourceTree = "<group>"; };
		0C266B3230113E2500B4D8E1 /* UploadViewModel.swift */ = {isa = PBXFileReference; lastKnownFileType = sourcecode.swift; path = UploadViewModel.swift; sourceTree = "<group>"; };
		0C266B3430113E2500B4D8E1 /* FeedViewController.swift */ = {isa = PBXFileReference; lastKnownFileType = sourcecode.swift; path = FeedViewController.swift; sourceTree = "<group>"; };
		0C266B3530113E2500B4D8E1 /* SettingsViewController.swift */ = {isa = PBXFileReference; lastKnownFileType = sourcecode.swift; path = SettingsViewController.swift; sourceTree = "<group>"; };
		0C266B3630113E2500B4D8E1 /* TableViewTableViewCell.swift */ = {isa = PBXFileReference; lastKnownFileType = sourcecode.swift; path = TableViewTableViewCell.swift; sourceTree = "<group>"; };
		0C266B3730113E2500B4D8E1 /* UploadViewController.swift */ = {isa = PBXFileReference; lastKnownFileType = sourcecode.swift; path = UploadViewController.swift; sourceTree = "<group>"; };
		0C266B3830113E2500B4D8E1 /* ViewController.swift */ = {isa = PBXFileReference; lastKnownFileType = sourcecode.swift; path = ViewController.swift; sourceTree = "<group>"; };
		0C266B3A30113E2500B4D8E1 /* AppDelegate.swift */ = {isa = PBXFileReference; lastKnownFileType = sourcecode.swift; path = AppDelegate.swift; sourceTree = "<group>"; };
		0C266B3B30113E2500B4D8E1 /* Assets.xcassets */ = {isa = PBXFileReference; lastKnownFileType = folder.assetcatalog; path = Assets.xcassets; sourceTree = "<group>"; };
		0C266B3C30113E2500B4D8E1 /* Info.plist */ = {isa = PBXFileReference; lastKnownFileType = text.plist.xml; path = Info.plist; sourceTree = "<group>"; };
		0C266B3D30113E2500B4D8E1 /* Keys.xcconfig */ = {isa = PBXFileReference; lastKnownFileType = text.xcconfig; path = Keys.xcconfig; sourceTree = "<group>"; };
		0C266B3E30113E2500B4D8E1 /* Base */ = {isa = PBXFileReference; lastKnownFileType = file.storyboard; name = Base; path = Base.lproj/LaunchScreen.storyboard; sourceTree = "<group>"; };
		0C266B4030113E2500B4D8E1 /* Base */ = {isa = PBXFileReference; lastKnownFileType = file.storyboard; name = Base; path = Base.lproj/Main.storyboard; sourceTree = "<group>"; };
		0C266B4230113E2500B4D8E1 /* SceneDelegate.swift */ = {isa = PBXFileReference; lastKnownFileType = sourcecode.swift; path = SceneDelegate.swift; sourceTree = "<group>"; };
		0CC4BCA52D96D87200E56BD5 /* parseTemplate.app */ = {isa = PBXFileReference; explicitFileType = wrapper.application; includeInIndex = 0; path = parseTemplate.app; sourceTree = BUILT_PRODUCTS_DIR; };
		5162F1E26A7BFC460A9AF63E /* Pods-parseTemplate.release.xcconfig */ = {isa = PBXFileReference; includeInIndex = 1; lastKnownFileType = text.xcconfig; name = "Pods-parseTemplate.release.xcconfig"; path = "Target Support Files/Pods-parseTemplate/Pods-parseTemplate.release.xcconfig"; sourceTree = "<group>"; };
		9833A55B31D7EAD755CADA68 /* Pods_parseTemplate.framework */ = {isa = PBXFileReference; explicitFileType = wrapper.framework; includeInIndex = 0; path = Pods_parseTemplate.framework; sourceTree = BUILT_PRODUCTS_DIR; };
		98EEE60E89DB90DE0BC7BC24 /* Pods-parseTemplate.debug.xcconfig */ = {isa = PBXFileReference; includeInIndex = 1; lastKnownFileType = text.xcconfig; name = "Pods-parseTemplate.debug.xcconfig"; path = "Target Support Files/Pods-parseTemplate/Pods-parseTemplate.debug.xcconfig"; sourceTree = "<group>"; };
/* End PBXFileReference section */

/* Begin PBXFileSystemSynchronizedBuildFileExceptionSet section */
		0CC4BCB72D96D87300E56BD5 /* Exceptions for "parseTemplate" folder in "parseTemplate" target */ = {
			isa = PBXFileSystemSynchronizedBuildFileExceptionSet;
			membershipExceptions = (
				Info.plist,
			);
			target = 0CC4BCA42D96D87200E56BD5 /* parseTemplate */;
		};
/* End PBXFileSystemSynchronizedBuildFileExceptionSet section */

/* Begin PBXFileSystemSynchronizedRootGroup section */
		0CC4BCA72D96D87200E56BD5 /* parseTemplate */ = {
			isa = PBXFileSystemSynchronizedRootGroup;
			exceptions = (
				0CC4BCB72D96D87300E56BD5 /* Exceptions for "parseTemplate" folder in "parseTemplate" target */,
			);
			path = parseTemplate;
			sourceTree = "<group>";
		};
/* End PBXFileSystemSynchronizedRootGroup section */

/* Begin PBXFrameworksBuildPhase section */
		0CC4BCA22D96D87200E56BD5 /* Frameworks */ = {
			isa = PBXFrameworksBuildPhase;
			buildActionMask = 2147483647;
			files = (
				0DDA92B7DD2560A563A24D32 /* Pods_parseTemplate.framework in Frameworks */,
			);
			runOnlyForDeploymentPostprocessing = 0;
		};
/* End PBXFrameworksBuildPhase section */

/* Begin PBXGroup section */
		0C266B2A30113E2500B4D8E1 /* Helpers */ = {
			isa = PBXGroup;
			children = (
				0C266B2930113E2500B4D8E1 /* AlertManager.swift */,
			);
			path = Helpers;
			sourceTree = "<group>";
		};
		0C266B2C30113E2500B4D8E1 /* Models */ = {
			isa = PBXGroup;
			children = (
				0C266B2B30113E2500B4D8E1 /* Post.swift */,
			);
			path = Models;
			sourceTree = "<group>";
		};
		0C266B2E30113E2500B4D8E1 /* Services */ = {
			isa = PBXGroup;
			children = (
				0C266B2D30113E2500B4D8E1 /* ParseService.swift */,
			);
			path = Services;
			sourceTree = "<group>";
		};
		0C266B3330113E2500B4D8E1 /* ViewModels */ = {
			isa = PBXGroup;
			children = (
				0C266B2F30113E2500B4D8E1 /* AuthViewModel.swift */,
				0C266B3030113E2500B4D8E1 /* FeedViewModel.swift */,
				0C266B3130113E2500B4D8E1 /* SettingsViewModel.swift */,
				0C266B3230113E2500B4D8E1 /* UploadViewModel.swift */,
			);
			path = ViewModels;
			sourceTree = "<group>";
		};
		0C266B3930113E2500B4D8E1 /* Views */ = {
			isa = PBXGroup;
			children = (
				0C266B3430113E2500B4D8E1 /* FeedViewController.swift */,
				0C266B3530113E2500B4D8E1 /* SettingsViewController.swift */,
				0C266B3630113E2500B4D8E1 /* TableViewTableViewCell.swift */,
				0C266B3730113E2500B4D8E1 /* UploadViewController.swift */,
				0C266B3830113E2500B4D8E1 /* ViewController.swift */,
			);
			path = Views;
			sourceTree = "<group>";
		};
		0C266B4330113E2500B4D8E1 /* parseTemplate */ = {
			isa = PBXGroup;
			children = (
				0C266B2A30113E2500B4D8E1 /* Helpers */,
				0C266B2C30113E2500B4D8E1 /* Models */,
				0C266B2E30113E2500B4D8E1 /* Services */,
				0C266B3330113E2500B4D8E1 /* ViewModels */,
				0C266B3930113E2500B4D8E1 /* Views */,
				0C266B3A30113E2500B4D8E1 /* AppDelegate.swift */,
				0C266B3B30113E2500B4D8E1 /* Assets.xcassets */,
				0C266B3C30113E2500B4D8E1 /* Info.plist */,
				0C266B3D30113E2500B4D8E1 /* Keys.xcconfig */,
				0C266B3F30113E2500B4D8E1 /* LaunchScreen.storyboard */,
				0C266B4130113E2500B4D8E1 /* Main.storyboard */,
				0C266B4230113E2500B4D8E1 /* SceneDelegate.swift */,
			);
			path = parseTemplate;
			sourceTree = "<group>";
		};
		0CC4BC9C2D96D87200E56BD5 = {
			isa = PBXGroup;
			children = (
				0CC4BCA72D96D87200E56BD5 /* parseTemplate */,
				0CC4BCA62D96D87200E56BD5 /* Products */,
				3CCB61547E82F0DF91CFCC0B /* Pods */,
				D537726D888EFC9D7A8ECB12 /* Frameworks */,
				0C266B4330113E2500B4D8E1 /* parseTemplate */,
			);
			sourceTree = "<group>";
		};
		0CC4BCA62D96D87200E56BD5 /* Products */ = {
			isa = PBXGroup;
			children = (
				0CC4BCA52D96D87200E56BD5 /* parseTemplate.app */,
			);
			name = Products;
			sourceTree = "<group>";
		};
		3CCB61547E82F0DF91CFCC0B /* Pods */ = {
			isa = PBXGroup;
			children = (
				98EEE60E89DB90DE0BC7BC24 /* Pods-parseTemplate.debug.xcconfig */,
				5162F1E26A7BFC460A9AF63E /* Pods-parseTemplate.release.xcconfig */,
			);
			path = Pods;
			sourceTree = "<group>";
		};
		D537726D888EFC9D7A8ECB12 /* Frameworks */ = {
			isa = PBXGroup;
			children = (
				9833A55B31D7EAD755CADA68 /* Pods_parseTemplate.framework */,
			);
			name = Frameworks;
			sourceTree = "<group>";
		};
/* End PBXGroup section */

/* Begin PBXNativeTarget section */
		0CC4BCA42D96D87200E56BD5 /* parseTemplate */ = {
			isa = PBXNativeTarget;
			buildConfigurationList = 0CC4BCB82D96D87300E56BD5 /* Build configuration list for PBXNativeTarget "parseTemplate" */;
			buildPhases = (
				BD63612F48CCDA94D40FA390 /* [CP] Check Pods Manifest.lock */,
				0CC4BCA12D96D87200E56BD5 /* Sources */,
				0CC4BCA22D96D87200E56BD5 /* Frameworks */,
				0CC4BCA32D96D87200E56BD5 /* Resources */,
				E37A3FB96FB867DE12EA7FB4 /* [CP] Embed Pods Frameworks */,
			);
			buildRules = (
			);
			dependencies = (
			);
			fileSystemSynchronizedGroups = (
				0CC4BCA72D96D87200E56BD5 /* parseTemplate */,
			);
			name = parseTemplate;
			productName = parseTemplate;
			productReference = 0CC4BCA52D96D87200E56BD5 /* parseTemplate.app */;
			productType = "com.apple.product-type.application";
		};
/* End PBXNativeTarget section */

/* Begin PBXProject section */
		0CC4BC9D2D96D87200E56BD5 /* Project object */ = {
			isa = PBXProject;
			attributes = {
				BuildIndependentTargetsInParallel = 1;
				LastSwiftUpdateCheck = 1620;
				LastUpgradeCheck = 1620;
				TargetAttributes = {
					0CC4BCA42D96D87200E56BD5 = {
						CreatedOnToolsVersion = 16.2;
					};
				};
			};
			buildConfigurationList = 0CC4BCA02D96D87200E56BD5 /* Build configuration list for PBXProject "parseTemplate" */;
			developmentRegion = en;
			hasScannedForEncodings = 0;
			knownRegions = (
				en,
				Base,
			);
			mainGroup = 0CC4BC9C2D96D87200E56BD5;
			minimizedProjectReferenceProxies = 1;
			preferredProjectObjectVersion = 77;
			productRefGroup = 0CC4BCA62D96D87200E56BD5 /* Products */;
			projectDirPath = "";
			projectRoot = "";
			targets = (
				0CC4BCA42D96D87200E56BD5 /* parseTemplate */,
			);
		};
/* End PBXProject section */

/* Begin PBXResourcesBuildPhase section */
		0CC4BCA32D96D87200E56BD5 /* Resources */ = {
			isa = PBXResourcesBuildPhase;
			buildActionMask = 2147483647;
			files = (
				0C266B4530113E2500B4D8E1 /* Assets.xcassets in Resources */,
				0C266B4630113E2500B4D8E1 /* Main.storyboard in Resources */,
				0C266B4730113E2500B4D8E1 /* LaunchScreen.storyboard in Resources */,
			);
			runOnlyForDeploymentPostprocessing = 0;
		};
/* End PBXResourcesBuildPhase section */

/* Begin PBXShellScriptBuildPhase section */
		BD63612F48CCDA94D40FA390 /* [CP] Check Pods Manifest.lock */ = {
			isa = PBXShellScriptBuildPhase;
			buildActionMask = 2147483647;
			files = (
			);
			inputFileListPaths = (
			);
			inputPaths = (
				"${PODS_PODFILE_DIR_PATH}/Podfile.lock",
				"${PODS_ROOT}/Manifest.lock",
			);
			name = "[CP] Check Pods Manifest.lock";
			outputFileListPaths = (
			);
			outputPaths = (
				"$(DERIVED_FILE_DIR)/Pods-parseTemplate-checkManifestLockResult.txt",
			);
			runOnlyForDeploymentPostprocessing = 0;
			shellPath = /bin/sh;
			shellScript = "diff \"${PODS_PODFILE_DIR_PATH}/Podfile.lock\" \"${PODS_ROOT}/Manifest.lock\" > /dev/null\nif [ $? != 0 ] ; then\n    # print error to STDERR\n    echo \"error: The sandbox is not in sync with the Podfile.lock. Run 'pod install' or update your CocoaPods installation.\" >&2\n    exit 1\nfi\n# This output is used by Xcode 'outputs' to avoid re-running this script phase.\necho \"SUCCESS\" > \"${SCRIPT_OUTPUT_FILE_0}\"\n";
			showEnvVarsInLog = 0;
		};
		E37A3FB96FB867DE12EA7FB4 /* [CP] Embed Pods Frameworks */ = {
			isa = PBXShellScriptBuildPhase;
			buildActionMask = 2147483647;
			files = (
			);
			inputFileListPaths = (
				"${PODS_ROOT}/Target Support Files/Pods-parseTemplate/Pods-parseTemplate-frameworks-${CONFIGURATION}-input-files.xcfilelist",
			);
			inputPaths = (
			);
			name = "[CP] Embed Pods Frameworks";
			outputFileListPaths = (
				"${PODS_ROOT}/Target Support Files/Pods-parseTemplate/Pods-parseTemplate-frameworks-${CONFIGURATION}-output-files.xcfilelist",
			);
			outputPaths = (
			);
			runOnlyForDeploymentPostprocessing = 0;
			shellPath = /bin/sh;
			shellScript = "\"${PODS_ROOT}/Target Support Files/Pods-parseTemplate/Pods-parseTemplate-frameworks.sh\"\n";
			showEnvVarsInLog = 0;
		};
/* End PBXShellScriptBuildPhase section */

/* Begin PBXSourcesBuildPhase section */
		0CC4BCA12D96D87200E56BD5 /* Sources */ = {
			isa = PBXSourcesBuildPhase;
			buildActionMask = 2147483647;
			files = (
				0C266B4930113E2500B4D8E1 /* FeedViewController.swift in Sources */,
				0C266B4A30113E2500B4D8E1 /* TableViewTableViewCell.swift in Sources */,
				0C266B4B30113E2500B4D8E1 /* ViewController.swift in Sources */,
				0C266B4C30113E2500B4D8E1 /* AlertManager.swift in Sources */,
				0C266B4D30113E2500B4D8E1 /* ParseService.swift in Sources */,
				0C266B4E30113E2500B4D8E1 /* UploadViewController.swift in Sources */,
				0C266B4F30113E2500B4D8E1 /* FeedViewModel.swift in Sources */,
				0C266B5030113E2500B4D8E1 /* UploadViewModel.swift in Sources */,
				0C266B5130113E2500B4D8E1 /* Post.swift in Sources */,
				0C266B5230113E2500B4D8E1 /* SettingsViewController.swift in Sources */,
				0C266B5330113E2500B4D8E1 /* AuthViewModel.swift in Sources */,
				0C266B5430113E2500B4D8E1 /* SceneDelegate.swift in Sources */,
				0C266B5530113E2500B4D8E1 /* AppDelegate.swift in Sources */,
				0C266B5630113E2500B4D8E1 /* SettingsViewModel.swift in Sources */,
			);
			runOnlyForDeploymentPostprocessing = 0;
		};
/* End PBXSourcesBuildPhase section */

/* Begin PBXVariantGroup section */
		0C266B3F30113E2500B4D8E1 /* LaunchScreen.storyboard */ = {
			isa = PBXVariantGroup;
			children = (
				0C266B3E30113E2500B4D8E1 /* Base */,
			);
			name = LaunchScreen.storyboard;
			sourceTree = "<group>";
		};
		0C266B4130113E2500B4D8E1 /* Main.storyboard */ = {
			isa = PBXVariantGroup;
			children = (
				0C266B4030113E2500B4D8E1 /* Base */,
			);
			name = Main.storyboard;
			sourceTree = "<group>";
		};
/* End PBXVariantGroup section */

/* Begin XCBuildConfiguration section */
		0CC4BCB92D96D87300E56BD5 /* Debug */ = {
			isa = XCBuildConfiguration;
			baseConfigurationReference = 98EEE60E89DB90DE0BC7BC24 /* Pods-parseTemplate.debug.xcconfig */;
			buildSettings = {
				ASSETCATALOG_COMPILER_APPICON_NAME = AppIcon;
				ASSETCATALOG_COMPILER_GLOBAL_ACCENT_COLOR_NAME = AccentColor;
				CLANG_ENABLE_OBJC_ARC = YES;
				CODE_SIGN_STYLE = Automatic;
				CURRENT_PROJECT_VERSION = 1;
				DEVELOPMENT_TEAM = GR5685B5H4;
				ENABLE_USER_SCRIPT_SANDBOXING = NO;
				GENERATE_INFOPLIST_FILE = YES;
				INFOPLIST_FILE = parseTemplate/Info.plist;
				INFOPLIST_KEY_UIApplicationSupportsIndirectInputEvents = YES;
				INFOPLIST_KEY_UILaunchStoryboardName = LaunchScreen;
				INFOPLIST_KEY_UIMainStoryboardFile = Main;
				INFOPLIST_KEY_UISupportedInterfaceOrientations_iPad = "UIInterfaceOrientationPortrait UIInterfaceOrientationPortraitUpsideDown UIInterfaceOrientationLandscapeLeft UIInterfaceOrientationLandscapeRight";
				INFOPLIST_KEY_UISupportedInterfaceOrientations_iPhone = "UIInterfaceOrientationPortrait UIInterfaceOrientationLandscapeLeft UIInterfaceOrientationLandscapeRight";
				IPHONEOS_DEPLOYMENT_TARGET = 16.6;
				LD_RUNPATH_SEARCH_PATHS = (
					"$(inherited)",
					"@executable_path/Frameworks",
				);
				MARKETING_VERSION = 1.0;
				PRODUCT_BUNDLE_IDENTIFIER = com.MelikeSezgin.parseTemplate;
				PRODUCT_NAME = "$(TARGET_NAME)";
				SWIFT_EMIT_LOC_STRINGS = YES;
				SWIFT_VERSION = 5.0;
				TARGETED_DEVICE_FAMILY = "1,2";
			};
			name = Debug;
		};
		0CC4BCBA2D96D87300E56BD5 /* Release */ = {
			isa = XCBuildConfiguration;
			baseConfigurationReference = 5162F1E26A7BFC460A9AF63E /* Pods-parseTemplate.release.xcconfig */;
			buildSettings = {
				ASSETCATALOG_COMPILER_APPICON_NAME = AppIcon;
				ASSETCATALOG_COMPILER_GLOBAL_ACCENT_COLOR_NAME = AccentColor;
				CLANG_ENABLE_OBJC_ARC = YES;
				CODE_SIGN_STYLE = Automatic;
				CURRENT_PROJECT_VERSION = 1;
				DEVELOPMENT_TEAM = GR5685B5H4;
				ENABLE_USER_SCRIPT_SANDBOXING = NO;
				GENERATE_INFOPLIST_FILE = YES;
				INFOPLIST_FILE = parseTemplate/Info.plist;
				INFOPLIST_KEY_UIApplicationSupportsIndirectInputEvents = YES;
				INFOPLIST_KEY_UILaunchStoryboardName = LaunchScreen;
				INFOPLIST_KEY_UIMainStoryboardFile = Main;
				INFOPLIST_KEY_UISupportedInterfaceOrientations_iPad = "UIInterfaceOrientationPortrait UIInterfaceOrientationPortraitUpsideDown UIInterfaceOrientationLandscapeLeft UIInterfaceOrientationLandscapeRight";
				INFOPLIST_KEY_UISupportedInterfaceOrientations_iPhone = "UIInterfaceOrientationPortrait UIInterfaceOrientationLandscapeLeft UIInterfaceOrientationLandscapeRight";
				IPHONEOS_DEPLOYMENT_TARGET = 16.6;
				LD_RUNPATH_SEARCH_PATHS = (
					"$(inherited)",
					"@executable_path/Frameworks",
				);
				MARKETING_VERSION = 1.0;
				PRODUCT_BUNDLE_IDENTIFIER = com.MelikeSezgin.parseTemplate;
				PRODUCT_NAME = "$(TARGET_NAME)";
				SWIFT_EMIT_LOC_STRINGS = YES;
				SWIFT_VERSION = 5.0;
				TARGETED_DEVICE_FAMILY = "1,2";
			};
			name = Release;
		};
		0CC4BCBB2D96D87300E56BD5 /* Debug */ = {
			isa = XCBuildConfiguration;
			baseConfigurationReferenceAnchor = 0CC4BCA72D96D87200E56BD5 /* parseTemplate */;
			baseConfigurationReferenceRelativePath = Config.xcconfig;
			buildSettings = {
				ALWAYS_SEARCH_USER_PATHS = NO;
				ASSETCATALOG_COMPILER_GENERATE_SWIFT_ASSET_SYMBOL_EXTENSIONS = YES;
				CLANG_ANALYZER_NONNULL = YES;
				CLANG_ANALYZER_NUMBER_OBJECT_CONVERSION = YES_AGGRESSIVE;
				CLANG_CXX_LANGUAGE_STANDARD = "gnu++20";
				CLANG_ENABLE_MODULES = YES;
				CLANG_ENABLE_OBJC_ARC = YES;
				CLANG_ENABLE_OBJC_WEAK = YES;
				CLANG_WARN_BLOCK_CAPTURE_AUTORELEASING = YES;
				CLANG_WARN_BOOL_CONVERSION = YES;
				CLANG_WARN_COMMA = YES;
				CLANG_WARN_CONSTANT_CONVERSION = YES;
				CLANG_WARN_DEPRECATED_OBJC_IMPLEMENTATIONS = YES;
				CLANG_WARN_DIRECT_OBJC_ISA_USAGE = YES_ERROR;
				CLANG_WARN_DOCUMENTATION_COMMENTS = YES;
				CLANG_WARN_EMPTY_BODY = YES;
				CLANG_WARN_ENUM_CONVERSION = YES;
				CLANG_WARN_INFINITE_RECURSION = YES;
				CLANG_WARN_INT_CONVERSION = YES;
				CLANG_WARN_NON_LITERAL_NULL_CONVERSION = YES;
				CLANG_WARN_OBJC_IMPLICIT_RETAIN_SELF = YES;
				CLANG_WARN_OBJC_LITERAL_CONVERSION = YES;
				CLANG_WARN_OBJC_ROOT_CLASS = YES_ERROR;
				CLANG_WARN_QUOTED_INCLUDE_IN_FRAMEWORK_HEADER = YES;
				CLANG_WARN_RANGE_LOOP_ANALYSIS = YES;
				CLANG_WARN_STRICT_PROTOTYPES = YES;
				CLANG_WARN_SUSPICIOUS_MOVE = YES;
				CLANG_WARN_UNGUARDED_AVAILABILITY = YES_AGGRESSIVE;
				CLANG_WARN_UNREACHABLE_CODE = YES;
				CLANG_WARN__DUPLICATE_METHOD_MATCH = YES;
				COPY_PHASE_STRIP = NO;
				DEBUG_INFORMATION_FORMAT = dwarf;
				ENABLE_STRICT_OBJC_MSGSEND = YES;
				ENABLE_TESTABILITY = YES;
				ENABLE_USER_SCRIPT_SANDBOXING = NO;
				GCC_C_LANGUAGE_STANDARD = gnu17;
				GCC_DYNAMIC_NO_PIC = NO;
				GCC_NO_COMMON_BLOCKS = YES;
				GCC_OPTIMIZATION_LEVEL = 0;
				GCC_PREPROCESSOR_DEFINITIONS = (
					"DEBUG=1",
					"$(inherited)",
				);
				GCC_WARN_64_TO_32_BIT_CONVERSION = YES;
				GCC_WARN_ABOUT_RETURN_TYPE = YES_ERROR;
				GCC_WARN_UNDECLARED_SELECTOR = YES;
				GCC_WARN_UNINITIALIZED_AUTOS = YES_AGGRESSIVE;
				GCC_WARN_UNUSED_FUNCTION = YES;
				GCC_WARN_UNUSED_VARIABLE = YES;
				IPHONEOS_DEPLOYMENT_TARGET = 18.2;
				LOCALIZATION_PREFERS_STRING_CATALOGS = YES;
				MTL_ENABLE_DEBUG_INFO = INCLUDE_SOURCE;
				MTL_FAST_MATH = YES;
				ONLY_ACTIVE_ARCH = YES;
				SDKROOT = iphoneos;
				SWIFT_ACTIVE_COMPILATION_CONDITIONS = "DEBUG $(inherited)";
				SWIFT_OPTIMIZATION_LEVEL = "-Onone";
			};
			name = Debug;
		};
		0CC4BCBC2D96D87300E56BD5 /* Release */ = {
			isa = XCBuildConfiguration;
			baseConfigurationReferenceAnchor = 0CC4BCA72D96D87200E56BD5 /* parseTemplate */;
			baseConfigurationReferenceRelativePath = Config.xcconfig;
			buildSettings = {
				ALWAYS_SEARCH_USER_PATHS = NO;
				ASSETCATALOG_COMPILER_GENERATE_SWIFT_ASSET_SYMBOL_EXTENSIONS = YES;
				CLANG_ANALYZER_NONNULL = YES;
				CLANG_ANALYZER_NUMBER_OBJECT_CONVERSION = YES_AGGRESSIVE;
				CLANG_CXX_LANGUAGE_STANDARD = "gnu++20";
				CLANG_ENABLE_MODULES = YES;
				CLANG_ENABLE_OBJC_ARC = YES;
				CLANG_ENABLE_OBJC_WEAK = YES;
				CLANG_WARN_BLOCK_CAPTURE_AUTORELEASING = YES;
				CLANG_WARN_BOOL_CONVERSION = YES;
				CLANG_WARN_COMMA = YES;
				CLANG_WARN_CONSTANT_CONVERSION = YES;
				CLANG_WARN_DEPRECATED_OBJC_IMPLEMENTATIONS = YES;
				CLANG_WARN_DIRECT_OBJC_ISA_USAGE = YES_ERROR;
				CLANG_WARN_DOCUMENTATION_COMMENTS = YES;
				CLANG_WARN_EMPTY_BODY = YES;
				CLANG_WARN_ENUM_CONVERSION = YES;
				CLANG_WARN_INFINITE_RECURSION = YES;
				CLANG_WARN_INT_CONVERSION = YES;
				CLANG_WARN_NON_LITERAL_NULL_CONVERSION = YES;
				CLANG_WARN_OBJC_IMPLICIT_RETAIN_SELF = YES;
				CLANG_WARN_OBJC_LITERAL_CONVERSION = YES;
				CLANG_WARN_OBJC_ROOT_CLASS = YES_ERROR;
				CLANG_WARN_QUOTED_INCLUDE_IN_FRAMEWORK_HEADER = YES;
				CLANG_WARN_RANGE_LOOP_ANALYSIS = YES;
				CLANG_WARN_STRICT_PROTOTYPES = YES;
				CLANG_WARN_SUSPICIOUS_MOVE = YES;
				CLANG_WARN_UNGUARDED_AVAILABILITY = YES_AGGRESSIVE;
				CLANG_WARN_UNREACHABLE_CODE = YES;
				CLANG_WARN__DUPLICATE_METHOD_MATCH = YES;
				COPY_PHASE_STRIP = NO;
				DEBUG_INFORMATION_FORMAT = "dwarf-with-dsym";
				ENABLE_NS_ASSERTIONS = NO;
				ENABLE_STRICT_OBJC_MSGSEND = YES;
				ENABLE_USER_SCRIPT_SANDBOXING = NO;
				GCC_C_LANGUAGE_STANDARD = gnu17;
				GCC_NO_COMMON_BLOCKS = YES;
				GCC_WARN_64_TO_32_BIT_CONVERSION = YES;
				GCC_WARN_ABOUT_RETURN_TYPE = YES_ERROR;
				GCC_WARN_UNDECLARED_SELECTOR = YES;
				GCC_WARN_UNINITIALIZED_AUTOS = YES_AGGRESSIVE;
				GCC_WARN_UNUSED_FUNCTION = YES;
				GCC_WARN_UNUSED_VARIABLE = YES;
				IPHONEOS_DEPLOYMENT_TARGET = 18.2;
				LOCALIZATION_PREFERS_STRING_CATALOGS = YES;
				MTL_ENABLE_DEBUG_INFO = NO;
				MTL_FAST_MATH = YES;
				SDKROOT = iphoneos;
				SWIFT_COMPILATION_MODE = wholemodule;
				VALIDATE_PRODUCT = YES;
			};
			name = Release;
		};
/* End XCBuildConfiguration section */

/* Begin XCConfigurationList section */
		0CC4BCA02D96D87200E56BD5 /* Build configuration list for PBXProject "parseTemplate" */ = {
			isa = XCConfigurationList;
			buildConfigurations = (
				0CC4BCBB2D96D87300E56BD5 /* Debug */,
				0CC4BCBC2D96D87300E56BD5 /* Release */,
			);
			defaultConfigurationIsVisible = 0;
			defaultConfigurationName = Release;
		};
		0CC4BCB82D96D87300E56BD5 /* Build configuration list for PBXNativeTarget "parseTemplate" */ = {
			isa = XCConfigurationList;
			buildConfigurations = (
				0CC4BCB92D96D87300E56BD5 /* Debug */,
				0CC4BCBA2D96D87300E56BD5 /* Release */,
			);
			defaultConfigurationIsVisible = 0;
			defaultConfigurationName = Release;
		};
/* End XCConfigurationList section */
	};
	rootObject = 0CC4BC9D2D96D87200E56BD5 /* Project object */;
}
